Microsoft Visual Studio Solution File, Format Version 12.00
# Visual Studio 15
VisualStudioVersion = 15.0.28307.421
MinimumVisualStudioVersion = 10.0.40219.1
Project("{9A19103F-16F7-4668-BE54-9A1E7A4F7556}") = "efcore-postgres", "efcore-postgres\efcore-postgres.csproj", "{9DEEF6A3-433F-4100-89BA-ECD4A8B3962E}"
EndProject
Project("{9A19103F-16F7-4668-BE54-9A1E7A4F7556}") = "efcore-postgres-Tests", "efcore-postgres-Tests\efcore-postgres-Tests.csproj", "{FFBB1DC5-AA43-44FD-8494-85C179196D1D}"
EndProject
Project("{FAE04EC0-301F-11D3-BF4B-00C04F79EFBC}") = "aws-dynamodb", "aws-dynamodb\aws-dynamodb.csproj", "{D2B19CFD-998B-4C9B-968B-F34C71F8CFD9}"
EndProject
Global
	GlobalSection(SolutionConfigurationPlatforms) = preSolution
		Debug|Any CPU = Debug|Any CPU
		Release|Any CPU = Release|Any CPU
	EndGlobalSection
	GlobalSection(ProjectConfigurationPlatforms) = postSolution
		{9DEEF6A3-433F-4100-89BA-ECD4A8B3962E}.Debug|Any CPU.ActiveCfg = Debug|Any CPU
		{9DEEF6A3-433F-4100-89BA-ECD4A8B3962E}.Debug|Any CPU.Build.0 = Debug|Any CPU
		{9DEEF6A3-433F-4100-89BA-ECD4A8B3962E}.Release|Any CPU.ActiveCfg = Release|Any CPU
		{9DEEF6A3-433F-4100-89BA-ECD4A8B3962E}.Release|Any CPU.Build.0 = Release|Any CPU
		{FFBB1DC5-AA43-44FD-8494-85C179196D1D}.Debug|Any CPU.ActiveCfg = Debug|Any CPU
		{FFBB1DC5-AA43-44FD-8494-85C179196D1D}.Debug|Any CPU.Build.0 = Debug|Any CPU
		{FFBB1DC5-AA43-44FD-8494-85C179196D1D}.Release|Any CPU.ActiveCfg = Release|Any CPU
		{FFBB1DC5-AA43-44FD-8494-85C179196D1D}.Release|Any CPU.Build.0 = Release|Any CPU
		{D2B19CFD-998B-4C9B-968B-F34C71F8CFD9}.Debug|Any CPU.ActiveCfg = Debug|Any CPU
		{D2B19CFD-998B-4C9B-968B-F34C71F8CFD9}.Debug|Any CPU.Build.0 = Debug|Any CPU
		{D2B19CFD-998B-4C9B-968B-F34C71F8CFD9}.Release|Any CPU.ActiveCfg = Release|Any CPU
		{D2B19CFD-998B-4C9B-968B-F34C71F8CFD9}.Release|Any CPU.Build.0 = Release|Any CPU
	EndGlobalSection
	GlobalSection(SolutionProperties) = preSolution
		HideSolutionNode = FALSE
	EndGlobalSection
	GlobalSection(ExtensibilityGlobals) = postSolution
		SolutionGuid = {3370B900-0504-4DD6-8CBE-AFB6DF0BC937}
	EndGlobalSection
EndGlobal
